# generated by rye
# use `rye lock` or `rye sync` to update this lockfile
#
# last locked with the following flags:
#   pre: false
#   features: []
#   all-features: false
#   with-sources: false
#   generate-hashes: false
#   universal: false

-e file:.
certifi==2024.8.30
    # via requests
charset-normalizer==3.4.0
    # via requests
idna==3.10
    # via requests
ncls==0.0.68
    # via tinyscibio
numpy==2.2.3
    # via mhctyper
    # via ncls
    # via tinyscibio
polars==1.23.0
    # via mhctyper
    # via tinyscibio
pysam==0.22.1
    # via mhctyper
    # via tinyscibio
requests==2.32.3
    # via tinyscibio
setuptools==75.8.0
    # via tinyscibio
tinyscibio==0.4.0
    # via mhctyper
tqdm==4.66.5
    # via mhctyper
urllib3==2.2.3
    # via requests
