# generated by rye
# use `rye lock` or `rye sync` to update this lockfile
#
# last locked with the following flags:
#   pre: false
#   features: []
#   all-features: false
#   with-sources: false
#   generate-hashes: false
#   universal: false

-e file:.
certifi==2024.8.30
    # via requests
charset-normalizer==3.4.0
    # via requests
coverage==7.6.1
    # via pytest-cov
exceptiongroup==1.2.2
    # via pytest
idna==3.10
    # via requests
iniconfig==2.0.0
    # via pytest
ncls==0.0.68
    # via tinyscibio
numpy==2.2.3
    # via ncls
    # via pyhlatyper
    # via tinyscibio
packaging==24.1
    # via pytest
pluggy==1.5.0
    # via pytest
polars==1.23.0
    # via pyhlatyper
    # via tinyscibio
pysam==0.22.1
    # via pyhlatyper
    # via tinyscibio
pytest==8.3.3
    # via pytest-cov
pytest-cov==5.0.0
requests==2.32.3
    # via tinyscibio
setuptools==75.8.0
    # via tinyscibio
tinyscibio==0.4.0
    # via pyhlatyper
tomli==2.0.1
    # via coverage
    # via pytest
tqdm==4.66.5
    # via pyhlatyper
types-tqdm==4.66.0.20240417
urllib3==2.2.3
    # via requests
